
Microsoft Visual Studio Solution File, Format Version 12.00
# Visual Studio for Mac
Project("{FAE04EC0-301F-11D3-BF4B-00C04F79EFBC}") = "UnityMopubMediation", "Assembly-CSharp.csproj", "{D1702695-404D-4CD5-A518-2E4926029696}"
EndProject
Project("{FAE04EC0-301F-11D3-BF4B-00C04F79EFBC}") = "UnityMopubMediation", "Assembly-CSharp-Editor.csproj", "{D63902AF-9309-148D-B293-C2F30421BE96}"
EndProject
Global
	GlobalSection(SolutionConfigurationPlatforms) = preSolution
		Debug|Any CPU = Debug|Any CPU
		Release|Any CPU = Release|Any CPU
	EndGlobalSection
	GlobalSection(ProjectConfigurationPlatforms) = postSolution
		{D1702695-404D-4CD5-A518-2E4926029696}.Debug|Any CPU.ActiveCfg = Debug|Any CPU
		{D1702695-404D-4CD5-A518-2E4926029696}.Debug|Any CPU.Build.0 = Debug|Any CPU
		{D1702695-404D-4CD5-A518-2E4926029696}.Release|Any CPU.ActiveCfg = Release|Any CPU
		{D1702695-404D-4CD5-A518-2E4926029696}.Release|Any CPU.Build.0 = Release|Any CPU
		{D63902AF-9309-148D-B293-C2F30421BE96}.Debug|Any CPU.ActiveCfg = Debug|Any CPU
		{D63902AF-9309-148D-B293-C2F30421BE96}.Debug|Any CPU.Build.0 = Debug|Any CPU
		{D63902AF-9309-148D-B293-C2F30421BE96}.Release|Any CPU.ActiveCfg = Release|Any CPU
		{D63902AF-9309-148D-B293-C2F30421BE96}.Release|Any CPU.Build.0 = Release|Any CPU
	EndGlobalSection
	GlobalSection(SolutionProperties) = preSolution
		HideSolutionNode = FALSE
	EndGlobalSection
EndGlobal
